
Microsoft Visual Studio Solution File, Format Version 12.00
# Visual Studio 15
VisualStudioVersion = 15.0.28307.645
MinimumVisualStudioVersion = 10.0.40219.1
Project("{FAE04EC0-301F-11D3-BF4B-00C04F79EFBC}") = "Server", "Server\Server.csproj", "{1CBA3C4E-8569-406F-BF15-E2005EB03751}"
EndProject
Project("{FAE04EC0-301F-11D3-BF4B-00C04F79EFBC}") = "Clinet", "Clinet\Clinet.csproj", "{4002C619-F11B-4FFB-8D9F-47E41E1FAD6A}"
EndProject
Global
	GlobalSection(SolutionConfigurationPlatforms) = preSolution
		Debug|Any CPU = Debug|Any CPU
		Release|Any CPU = Release|Any CPU
	EndGlobalSection
	GlobalSection(ProjectConfigurationPlatforms) = postSolution
		{1CBA3C4E-8569-406F-BF15-E2005EB03751}.Debug|Any CPU.ActiveCfg = Debug|Any CPU
		{1CBA3C4E-8569-406F-BF15-E2005EB03751}.Debug|Any CPU.Build.0 = Debug|Any CPU
		{1CBA3C4E-8569-406F-BF15-E2005EB03751}.Release|Any CPU.ActiveCfg = Release|Any CPU
		{1CBA3C4E-8569-406F-BF15-E2005EB03751}.Release|Any CPU.Build.0 = Release|Any CPU
		{4002C619-F11B-4FFB-8D9F-47E41E1FAD6A}.Debug|Any CPU.ActiveCfg = Debug|Any CPU
		{4002C619-F11B-4FFB-8D9F-47E41E1FAD6A}.Debug|Any CPU.Build.0 = Debug|Any CPU
		{4002C619-F11B-4FFB-8D9F-47E41E1FAD6A}.Release|Any CPU.ActiveCfg = Release|Any CPU
		{4002C619-F11B-4FFB-8D9F-47E41E1FAD6A}.Release|Any CPU.Build.0 = Release|Any CPU
	EndGlobalSection
	GlobalSection(SolutionProperties) = preSolution
		HideSolutionNode = FALSE
	EndGlobalSection
	GlobalSection(ExtensibilityGlobals) = postSolution
		SolutionGuid = {0FCAD480-3AAA-4090-AB58-3C6ED33752AC}
	EndGlobalSection
EndGlobal
